
Microsoft Visual Studio Solution File, Format Version 12.00
# Visual Studio 15
VisualStudioVersion = 15.0.27130.2027
MinimumVisualStudioVersion = 10.0.40219.1
Project("{FAE04EC0-301F-11D3-BF4B-00C04F79EFBC}") = "fopcs-day1", "fopcs-day1\fopcs-day1.csproj", "{63D675C5-D054-45A9-AB40-2C423B2F1DD1}"
EndProject
Project("{FAE04EC0-301F-11D3-BF4B-00C04F79EFBC}") = "fopcs-day2", "fopcs-day2\fopcs-day2.csproj", "{06EDB09D-6FA5-4F97-A377-4025656DF896}"
EndProject
Project("{FAE04EC0-301F-11D3-BF4B-00C04F79EFBC}") = "fopcs.Tests", "fopcs.Tests\fopcs.Tests.csproj", "{DFBB3A04-D3B0-47FD-873B-A12589DEC244}"
EndProject
Project("{FAE04EC0-301F-11D3-BF4B-00C04F79EFBC}") = "fopcs-day3", "fopcs-day3\fopcs-day3.csproj", "{143C6935-DF8E-4AF8-957A-29B93B61CA47}"
EndProject
Project("{FAE04EC0-301F-11D3-BF4B-00C04F79EFBC}") = "fopcs-day4", "fopcs-day4\fopcs-day4.csproj", "{71889337-38D0-4AC0-8C5B-247FE948CC9D}"
EndProject
Project("{FAE04EC0-301F-11D3-BF4B-00C04F79EFBC}") = "fopcs-day5", "fopcs-day5\fopcs-day5.csproj", "{8743BCFB-6545-4BB3-B5C3-A9628C6180B2}"
EndProject
Project("{FAE04EC0-301F-11D3-BF4B-00C04F79EFBC}") = "fopcs-day6", "fopcs-day6\fopcs-day6.csproj", "{D1D47ADF-A8D1-4251-8A40-088C94E5B33D}"
EndProject
Global
	GlobalSection(SolutionConfigurationPlatforms) = preSolution
		Debug|Any CPU = Debug|Any CPU
		Release|Any CPU = Release|Any CPU
	EndGlobalSection
	GlobalSection(ProjectConfigurationPlatforms) = postSolution
		{63D675C5-D054-45A9-AB40-2C423B2F1DD1}.Debug|Any CPU.ActiveCfg = Debug|Any CPU
		{63D675C5-D054-45A9-AB40-2C423B2F1DD1}.Debug|Any CPU.Build.0 = Debug|Any CPU
		{63D675C5-D054-45A9-AB40-2C423B2F1DD1}.Release|Any CPU.ActiveCfg = Release|Any CPU
		{63D675C5-D054-45A9-AB40-2C423B2F1DD1}.Release|Any CPU.Build.0 = Release|Any CPU
		{06EDB09D-6FA5-4F97-A377-4025656DF896}.Debug|Any CPU.ActiveCfg = Debug|Any CPU
		{06EDB09D-6FA5-4F97-A377-4025656DF896}.Debug|Any CPU.Build.0 = Debug|Any CPU
		{06EDB09D-6FA5-4F97-A377-4025656DF896}.Release|Any CPU.ActiveCfg = Release|Any CPU
		{06EDB09D-6FA5-4F97-A377-4025656DF896}.Release|Any CPU.Build.0 = Release|Any CPU
		{DFBB3A04-D3B0-47FD-873B-A12589DEC244}.Debug|Any CPU.ActiveCfg = Debug|Any CPU
		{DFBB3A04-D3B0-47FD-873B-A12589DEC244}.Debug|Any CPU.Build.0 = Debug|Any CPU
		{DFBB3A04-D3B0-47FD-873B-A12589DEC244}.Release|Any CPU.ActiveCfg = Release|Any CPU
		{DFBB3A04-D3B0-47FD-873B-A12589DEC244}.Release|Any CPU.Build.0 = Release|Any CPU
		{143C6935-DF8E-4AF8-957A-29B93B61CA47}.Debug|Any CPU.ActiveCfg = Debug|Any CPU
		{143C6935-DF8E-4AF8-957A-29B93B61CA47}.Debug|Any CPU.Build.0 = Debug|Any CPU
		{143C6935-DF8E-4AF8-957A-29B93B61CA47}.Release|Any CPU.ActiveCfg = Release|Any CPU
		{143C6935-DF8E-4AF8-957A-29B93B61CA47}.Release|Any CPU.Build.0 = Release|Any CPU
		{71889337-38D0-4AC0-8C5B-247FE948CC9D}.Debug|Any CPU.ActiveCfg = Debug|Any CPU
		{71889337-38D0-4AC0-8C5B-247FE948CC9D}.Debug|Any CPU.Build.0 = Debug|Any CPU
		{71889337-38D0-4AC0-8C5B-247FE948CC9D}.Release|Any CPU.ActiveCfg = Release|Any CPU
		{71889337-38D0-4AC0-8C5B-247FE948CC9D}.Release|Any CPU.Build.0 = Release|Any CPU
		{8743BCFB-6545-4BB3-B5C3-A9628C6180B2}.Debug|Any CPU.ActiveCfg = Debug|Any CPU
		{8743BCFB-6545-4BB3-B5C3-A9628C6180B2}.Debug|Any CPU.Build.0 = Debug|Any CPU
		{8743BCFB-6545-4BB3-B5C3-A9628C6180B2}.Release|Any CPU.ActiveCfg = Release|Any CPU
		{8743BCFB-6545-4BB3-B5C3-A9628C6180B2}.Release|Any CPU.Build.0 = Release|Any CPU
		{D1D47ADF-A8D1-4251-8A40-088C94E5B33D}.Debug|Any CPU.ActiveCfg = Debug|Any CPU
		{D1D47ADF-A8D1-4251-8A40-088C94E5B33D}.Debug|Any CPU.Build.0 = Debug|Any CPU
		{D1D47ADF-A8D1-4251-8A40-088C94E5B33D}.Release|Any CPU.ActiveCfg = Release|Any CPU
		{D1D47ADF-A8D1-4251-8A40-088C94E5B33D}.Release|Any CPU.Build.0 = Release|Any CPU
	EndGlobalSection
	GlobalSection(SolutionProperties) = preSolution
		HideSolutionNode = FALSE
	EndGlobalSection
	GlobalSection(ExtensibilityGlobals) = postSolution
		SolutionGuid = {A3AAA582-B982-4D85-A9BE-C0382BDA3422}
	EndGlobalSection
EndGlobal
